
Microsoft Visual Studio Solution File, Format Version 12.00
# Visual Studio Version 17
VisualStudioVersion = 17.0.31903.59
MinimumVisualStudioVersion = 10.0.40219.1
Project("{FAE04EC0-301F-11D3-BF4B-00C04F79EFBC}") = "BT01", "BT01\BT01.csproj", "{4F199FA5-BB42-4E57-8870-1E4FD51B5114}"
EndProject
Project("{FAE04EC0-301F-11D3-BF4B-00C04F79EFBC}") = "NorthwindLib", "NorthwindLib\NorthwindLib.csproj", "{F4D558B9-18D1-4470-BBCA-52DE49080997}"
EndProject
Global
	GlobalSection(SolutionConfigurationPlatforms) = preSolution
		Debug|Any CPU = Debug|Any CPU
		Debug|x64 = Debug|x64
		Debug|x86 = Debug|x86
		Release|Any CPU = Release|Any CPU
		Release|x64 = Release|x64
		Release|x86 = Release|x86
	EndGlobalSection
	GlobalSection(ProjectConfigurationPlatforms) = postSolution
		{4F199FA5-BB42-4E57-8870-1E4FD51B5114}.Debug|Any CPU.ActiveCfg = Debug|Any CPU
		{4F199FA5-BB42-4E57-8870-1E4FD51B5114}.Debug|Any CPU.Build.0 = Debug|Any CPU
		{4F199FA5-BB42-4E57-8870-1E4FD51B5114}.Debug|x64.ActiveCfg = Debug|Any CPU
		{4F199FA5-BB42-4E57-8870-1E4FD51B5114}.Debug|x64.Build.0 = Debug|Any CPU
		{4F199FA5-BB42-4E57-8870-1E4FD51B5114}.Debug|x86.ActiveCfg = Debug|Any CPU
		{4F199FA5-BB42-4E57-8870-1E4FD51B5114}.Debug|x86.Build.0 = Debug|Any CPU
		{4F199FA5-BB42-4E57-8870-1E4FD51B5114}.Release|Any CPU.ActiveCfg = Release|Any CPU
		{4F199FA5-BB42-4E57-8870-1E4FD51B5114}.Release|Any CPU.Build.0 = Release|Any CPU
		{4F199FA5-BB42-4E57-8870-1E4FD51B5114}.Release|x64.ActiveCfg = Release|Any CPU
		{4F199FA5-BB42-4E57-8870-1E4FD51B5114}.Release|x64.Build.0 = Release|Any CPU
		{4F199FA5-BB42-4E57-8870-1E4FD51B5114}.Release|x86.ActiveCfg = Release|Any CPU
		{4F199FA5-BB42-4E57-8870-1E4FD51B5114}.Release|x86.Build.0 = Release|Any CPU
		{F4D558B9-18D1-4470-BBCA-52DE49080997}.Debug|Any CPU.ActiveCfg = Debug|Any CPU
		{F4D558B9-18D1-4470-BBCA-52DE49080997}.Debug|Any CPU.Build.0 = Debug|Any CPU
		{F4D558B9-18D1-4470-BBCA-52DE49080997}.Debug|x64.ActiveCfg = Debug|Any CPU
		{F4D558B9-18D1-4470-BBCA-52DE49080997}.Debug|x64.Build.0 = Debug|Any CPU
		{F4D558B9-18D1-4470-BBCA-52DE49080997}.Debug|x86.ActiveCfg = Debug|Any CPU
		{F4D558B9-18D1-4470-BBCA-52DE49080997}.Debug|x86.Build.0 = Debug|Any CPU
		{F4D558B9-18D1-4470-BBCA-52DE49080997}.Release|Any CPU.ActiveCfg = Release|Any CPU
		{F4D558B9-18D1-4470-BBCA-52DE49080997}.Release|Any CPU.Build.0 = Release|Any CPU
		{F4D558B9-18D1-4470-BBCA-52DE49080997}.Release|x64.ActiveCfg = Release|Any CPU
		{F4D558B9-18D1-4470-BBCA-52DE49080997}.Release|x64.Build.0 = Release|Any CPU
		{F4D558B9-18D1-4470-BBCA-52DE49080997}.Release|x86.ActiveCfg = Release|Any CPU
		{F4D558B9-18D1-4470-BBCA-52DE49080997}.Release|x86.Build.0 = Release|Any CPU
	EndGlobalSection
	GlobalSection(SolutionProperties) = preSolution
		HideSolutionNode = FALSE
	EndGlobalSection
EndGlobal
