
Microsoft Visual Studio Solution File, Format Version 12.00
# Visual Studio Version 17
VisualStudioVersion = 17.14.36414.22 d17.14
MinimumVisualStudioVersion = 10.0.40219.1
Project("{FAE04EC0-301F-11D3-BF4B-00C04F79EFBC}") = "BT01", "BT01\BT01.csproj", "{483EB1BE-1474-4405-AF4C-23006E7654FD}"
EndProject
Project("{FAE04EC0-301F-11D3-BF4B-00C04F79EFBC}") = "BT02", "BT02\BT02.csproj", "{C5089140-2B07-43BA-9387-D1A9D37328AE}"
EndProject
Project("{FAE04EC0-301F-11D3-BF4B-00C04F79EFBC}") = "BT03", "BT03\BT03.csproj", "{75084E47-6781-458E-8C88-1B2FBDC459C8}"
EndProject
Project("{FAE04EC0-301F-11D3-BF4B-00C04F79EFBC}") = "BT04", "BT04\BT04.csproj", "{0B5B0C0C-8D6D-475F-A7D5-3ADCFADC5ECA}"
EndProject
Project("{FAE04EC0-301F-11D3-BF4B-00C04F79EFBC}") = "BT05", "BT05\BT05.csproj", "{F753CA0A-D261-4790-AD40-32B37CF43A2C}"
EndProject
Global
	GlobalSection(SolutionConfigurationPlatforms) = preSolution
		Debug|Any CPU = Debug|Any CPU
		Release|Any CPU = Release|Any CPU
	EndGlobalSection
	GlobalSection(ProjectConfigurationPlatforms) = postSolution
		{483EB1BE-1474-4405-AF4C-23006E7654FD}.Debug|Any CPU.ActiveCfg = Debug|Any CPU
		{483EB1BE-1474-4405-AF4C-23006E7654FD}.Debug|Any CPU.Build.0 = Debug|Any CPU
		{483EB1BE-1474-4405-AF4C-23006E7654FD}.Release|Any CPU.ActiveCfg = Release|Any CPU
		{483EB1BE-1474-4405-AF4C-23006E7654FD}.Release|Any CPU.Build.0 = Release|Any CPU
		{C5089140-2B07-43BA-9387-D1A9D37328AE}.Debug|Any CPU.ActiveCfg = Debug|Any CPU
		{C5089140-2B07-43BA-9387-D1A9D37328AE}.Debug|Any CPU.Build.0 = Debug|Any CPU
		{C5089140-2B07-43BA-9387-D1A9D37328AE}.Release|Any CPU.ActiveCfg = Release|Any CPU
		{C5089140-2B07-43BA-9387-D1A9D37328AE}.Release|Any CPU.Build.0 = Release|Any CPU
		{75084E47-6781-458E-8C88-1B2FBDC459C8}.Debug|Any CPU.ActiveCfg = Debug|Any CPU
		{75084E47-6781-458E-8C88-1B2FBDC459C8}.Debug|Any CPU.Build.0 = Debug|Any CPU
		{75084E47-6781-458E-8C88-1B2FBDC459C8}.Release|Any CPU.ActiveCfg = Release|Any CPU
		{75084E47-6781-458E-8C88-1B2FBDC459C8}.Release|Any CPU.Build.0 = Release|Any CPU
		{0B5B0C0C-8D6D-475F-A7D5-3ADCFADC5ECA}.Debug|Any CPU.ActiveCfg = Debug|Any CPU
		{0B5B0C0C-8D6D-475F-A7D5-3ADCFADC5ECA}.Debug|Any CPU.Build.0 = Debug|Any CPU
		{0B5B0C0C-8D6D-475F-A7D5-3ADCFADC5ECA}.Release|Any CPU.ActiveCfg = Release|Any CPU
		{0B5B0C0C-8D6D-475F-A7D5-3ADCFADC5ECA}.Release|Any CPU.Build.0 = Release|Any CPU
		{F753CA0A-D261-4790-AD40-32B37CF43A2C}.Debug|Any CPU.ActiveCfg = Debug|Any CPU
		{F753CA0A-D261-4790-AD40-32B37CF43A2C}.Debug|Any CPU.Build.0 = Debug|Any CPU
		{F753CA0A-D261-4790-AD40-32B37CF43A2C}.Release|Any CPU.ActiveCfg = Release|Any CPU
		{F753CA0A-D261-4790-AD40-32B37CF43A2C}.Release|Any CPU.Build.0 = Release|Any CPU
	EndGlobalSection
	GlobalSection(SolutionProperties) = preSolution
		HideSolutionNode = FALSE
	EndGlobalSection
	GlobalSection(ExtensibilityGlobals) = postSolution
		SolutionGuid = {C88AB648-D816-47AB-86A7-DF7A7D9EBFF4}
	EndGlobalSection
EndGlobal
