
Microsoft Visual Studio Solution File, Format Version 12.00
# Visual Studio Version 17
VisualStudioVersion = 17.14.36518.9 d17.14
MinimumVisualStudioVersion = 10.0.40219.1
Project("{FAE04EC0-301F-11D3-BF4B-00C04F79EFBC}") = "LibBT01", "LibBT01\LibBT01.csproj", "{A651DDD8-0F63-403D-8DC5-19644608BE77}"
EndProject
Project("{FAE04EC0-301F-11D3-BF4B-00C04F79EFBC}") = "BT02", "BT02\BT02.csproj", "{033BC8EB-8101-4495-B4CB-2507CD87E60B}"
EndProject
Project("{FAE04EC0-301F-11D3-BF4B-00C04F79EFBC}") = "BT03", "BT03\BT03.csproj", "{0869B28C-6EF5-490F-8673-C7DCBB980FBC}"
EndProject
Project("{FAE04EC0-301F-11D3-BF4B-00C04F79EFBC}") = "BT04", "BT04\BT04.csproj", "{74A0D877-F07B-44E2-80E0-B09876F11C52}"
EndProject
Global
	GlobalSection(SolutionConfigurationPlatforms) = preSolution
		Debug|Any CPU = Debug|Any CPU
		Release|Any CPU = Release|Any CPU
	EndGlobalSection
	GlobalSection(ProjectConfigurationPlatforms) = postSolution
		{A651DDD8-0F63-403D-8DC5-19644608BE77}.Debug|Any CPU.ActiveCfg = Debug|Any CPU
		{A651DDD8-0F63-403D-8DC5-19644608BE77}.Debug|Any CPU.Build.0 = Debug|Any CPU
		{A651DDD8-0F63-403D-8DC5-19644608BE77}.Release|Any CPU.ActiveCfg = Release|Any CPU
		{A651DDD8-0F63-403D-8DC5-19644608BE77}.Release|Any CPU.Build.0 = Release|Any CPU
		{033BC8EB-8101-4495-B4CB-2507CD87E60B}.Debug|Any CPU.ActiveCfg = Debug|Any CPU
		{033BC8EB-8101-4495-B4CB-2507CD87E60B}.Debug|Any CPU.Build.0 = Debug|Any CPU
		{033BC8EB-8101-4495-B4CB-2507CD87E60B}.Release|Any CPU.ActiveCfg = Release|Any CPU
		{033BC8EB-8101-4495-B4CB-2507CD87E60B}.Release|Any CPU.Build.0 = Release|Any CPU
		{0869B28C-6EF5-490F-8673-C7DCBB980FBC}.Debug|Any CPU.ActiveCfg = Debug|Any CPU
		{0869B28C-6EF5-490F-8673-C7DCBB980FBC}.Debug|Any CPU.Build.0 = Debug|Any CPU
		{0869B28C-6EF5-490F-8673-C7DCBB980FBC}.Release|Any CPU.ActiveCfg = Release|Any CPU
		{0869B28C-6EF5-490F-8673-C7DCBB980FBC}.Release|Any CPU.Build.0 = Release|Any CPU
		{74A0D877-F07B-44E2-80E0-B09876F11C52}.Debug|Any CPU.ActiveCfg = Debug|Any CPU
		{74A0D877-F07B-44E2-80E0-B09876F11C52}.Debug|Any CPU.Build.0 = Debug|Any CPU
		{74A0D877-F07B-44E2-80E0-B09876F11C52}.Release|Any CPU.ActiveCfg = Release|Any CPU
		{74A0D877-F07B-44E2-80E0-B09876F11C52}.Release|Any CPU.Build.0 = Release|Any CPU
	EndGlobalSection
	GlobalSection(SolutionProperties) = preSolution
		HideSolutionNode = FALSE
	EndGlobalSection
	GlobalSection(ExtensibilityGlobals) = postSolution
		SolutionGuid = {6C463919-E0DB-40AD-863E-5760724CE7A9}
	EndGlobalSection
EndGlobal
