
Microsoft Visual Studio Solution File, Format Version 12.00
# Visual Studio Version 17
VisualStudioVersion = 17.14.36414.22 d17.14
MinimumVisualStudioVersion = 10.0.40219.1
Project("{FAE04EC0-301F-11D3-BF4B-00C04F79EFBC}") = "BT01", "BT01\BT01.csproj", "{48E88E90-692E-4A26-8B92-0479D128AA0E}"
EndProject
Project("{FAE04EC0-301F-11D3-BF4B-00C04F79EFBC}") = "BT02", "BT02\BT02.csproj", "{98CF66C9-A9B5-4DC7-BE65-8B3D55D35DBB}"
EndProject
Project("{FAE04EC0-301F-11D3-BF4B-00C04F79EFBC}") = "BT03", "BT03\BT03.csproj", "{4809D21F-34DB-43CB-B9CF-920EBE9383BD}"
EndProject
Project("{FAE04EC0-301F-11D3-BF4B-00C04F79EFBC}") = "BT04", "BT04\BT04.csproj", "{C54FC29E-B555-4A0F-A922-C15C1BA928BC}"
EndProject
Project("{FAE04EC0-301F-11D3-BF4B-00C04F79EFBC}") = "BT05", "BT05\BT05.csproj", "{77863C21-B2B1-4BE8-A149-6D2A7D25374E}"
EndProject
Global
	GlobalSection(SolutionConfigurationPlatforms) = preSolution
		Debug|Any CPU = Debug|Any CPU
		Release|Any CPU = Release|Any CPU
	EndGlobalSection
	GlobalSection(ProjectConfigurationPlatforms) = postSolution
		{48E88E90-692E-4A26-8B92-0479D128AA0E}.Debug|Any CPU.ActiveCfg = Debug|Any CPU
		{48E88E90-692E-4A26-8B92-0479D128AA0E}.Debug|Any CPU.Build.0 = Debug|Any CPU
		{48E88E90-692E-4A26-8B92-0479D128AA0E}.Release|Any CPU.ActiveCfg = Release|Any CPU
		{48E88E90-692E-4A26-8B92-0479D128AA0E}.Release|Any CPU.Build.0 = Release|Any CPU
		{98CF66C9-A9B5-4DC7-BE65-8B3D55D35DBB}.Debug|Any CPU.ActiveCfg = Debug|Any CPU
		{98CF66C9-A9B5-4DC7-BE65-8B3D55D35DBB}.Debug|Any CPU.Build.0 = Debug|Any CPU
		{98CF66C9-A9B5-4DC7-BE65-8B3D55D35DBB}.Release|Any CPU.ActiveCfg = Release|Any CPU
		{98CF66C9-A9B5-4DC7-BE65-8B3D55D35DBB}.Release|Any CPU.Build.0 = Release|Any CPU
		{4809D21F-34DB-43CB-B9CF-920EBE9383BD}.Debug|Any CPU.ActiveCfg = Debug|Any CPU
		{4809D21F-34DB-43CB-B9CF-920EBE9383BD}.Debug|Any CPU.Build.0 = Debug|Any CPU
		{4809D21F-34DB-43CB-B9CF-920EBE9383BD}.Release|Any CPU.ActiveCfg = Release|Any CPU
		{4809D21F-34DB-43CB-B9CF-920EBE9383BD}.Release|Any CPU.Build.0 = Release|Any CPU
		{C54FC29E-B555-4A0F-A922-C15C1BA928BC}.Debug|Any CPU.ActiveCfg = Debug|Any CPU
		{C54FC29E-B555-4A0F-A922-C15C1BA928BC}.Debug|Any CPU.Build.0 = Debug|Any CPU
		{C54FC29E-B555-4A0F-A922-C15C1BA928BC}.Release|Any CPU.ActiveCfg = Release|Any CPU
		{C54FC29E-B555-4A0F-A922-C15C1BA928BC}.Release|Any CPU.Build.0 = Release|Any CPU
		{77863C21-B2B1-4BE8-A149-6D2A7D25374E}.Debug|Any CPU.ActiveCfg = Debug|Any CPU
		{77863C21-B2B1-4BE8-A149-6D2A7D25374E}.Debug|Any CPU.Build.0 = Debug|Any CPU
		{77863C21-B2B1-4BE8-A149-6D2A7D25374E}.Release|Any CPU.ActiveCfg = Release|Any CPU
		{77863C21-B2B1-4BE8-A149-6D2A7D25374E}.Release|Any CPU.Build.0 = Release|Any CPU
	EndGlobalSection
	GlobalSection(SolutionProperties) = preSolution
		HideSolutionNode = FALSE
	EndGlobalSection
	GlobalSection(ExtensibilityGlobals) = postSolution
		SolutionGuid = {294740BC-39BC-45AC-AFF7-094D62E96BC4}
	EndGlobalSection
EndGlobal
